Microsoft Visual Studio Solution File, Format Version 11.00
# Visual Studio 2008

Project("{F309209B-687C-5F0D-6D66-DCFE7EB90C1B}") = "CheckInternet", "Assembly-CSharp.csproj", "{3C02EF77-62E9-82E3-E10C-E3BC6FB11207}"
EndProject
Global
	GlobalSection(SolutionConfigurationPlatforms) = preSolution
		Debug|Any CPU = Debug|Any CPU
		Release|Any CPU = Release|Any CPU
	EndGlobalSection
	GlobalSection(ProjectConfigurationPlatforms) = postSolution
		{3C02EF77-62E9-82E3-E10C-E3BC6FB11207}.Debug|Any CPU.ActiveCfg = Debug|Any CPU
		{3C02EF77-62E9-82E3-E10C-E3BC6FB11207}.Debug|Any CPU.Build.0 = Debug|Any CPU
		{3C02EF77-62E9-82E3-E10C-E3BC6FB11207}.Release|Any CPU.ActiveCfg = Release|Any CPU
		{3C02EF77-62E9-82E3-E10C-E3BC6FB11207}.Release|Any CPU.Build.0 = Release|Any CPU
	EndGlobalSection
	GlobalSection(SolutionProperties) = preSolution
		HideSolutionNode = FALSE
	EndGlobalSection
	GlobalSection(MonoDevelopProperties) = preSolution
		StartupItem = Assembly-CSharp.csproj
	EndGlobalSection
EndGlobal
